
Microsoft Visual Studio Solution File, Format Version 12.00
# Visual Studio Version 17
VisualStudioVersion = 17.6.33723.286
MinimumVisualStudioVersion = 10.0.40219.1
Project("{2150E333-8FDC-42A3-9474-1A3956D46DE8}") = "Src", "Src", "{3AD22AE0-E0E6-41F9-8A20-517E42BF5184}"
EndProject
Project("{2150E333-8FDC-42A3-9474-1A3956D46DE8}") = "Application", "Application", "{9EBC7CC3-8659-44CB-A8D0-D6D899CAFAA3}"
EndProject
Project("{2150E333-8FDC-42A3-9474-1A3956D46DE8}") = "Domain", "Domain", "{BA256227-2853-476D-AAC5-066D7BDC655A}"
EndProject
Project("{2150E333-8FDC-42A3-9474-1A3956D46DE8}") = "Infraestructure", "Infraestructure", "{54FD0BFE-FB13-437D-A946-78CB13635344}"
EndProject
Project("{2150E333-8FDC-42A3-9474-1A3956D46DE8}") = "Shared", "Shared", "{C4A57C1B-5717-47A4-927D-BBF5F69ED927}"
EndProject
Project("{2150E333-8FDC-42A3-9474-1A3956D46DE8}") = "UI", "UI", "{1B3B3489-C184-440E-9534-923010F33EDC}"
EndProject
Project("{FAE04EC0-301F-11D3-BF4B-00C04F79EFBC}") = "Parque.Application", "Parque.Application\Parque.Application.csproj", "{11EF14E3-93B2-4AD7-A63D-C7946DFF2F44}"
EndProject
Project("{FAE04EC0-301F-11D3-BF4B-00C04F79EFBC}") = "Parque.Domain", "Parque.Domain\Parque.Domain.csproj", "{F8CE4C43-C332-4201-AD8D-EC03F476219D}"
EndProject
Project("{FAE04EC0-301F-11D3-BF4B-00C04F79EFBC}") = "Parque.Persistence", "Parque.Persistence\Parque.Persistence.csproj", "{59CBCD6C-60CC-41B3-B84D-059BF29C77C9}"
EndProject
Project("{FAE04EC0-301F-11D3-BF4B-00C04F79EFBC}") = "Parque.Shared", "Parque.Shared\Parque.Shared.csproj", "{0B8A7A5C-3FB6-4235-98A8-8CC04011EB81}"
EndProject
Global
	GlobalSection(SolutionConfigurationPlatforms) = preSolution
		Debug|Any CPU = Debug|Any CPU
		Release|Any CPU = Release|Any CPU
	EndGlobalSection
	GlobalSection(ProjectConfigurationPlatforms) = postSolution
		{11EF14E3-93B2-4AD7-A63D-C7946DFF2F44}.Debug|Any CPU.ActiveCfg = Debug|Any CPU
		{11EF14E3-93B2-4AD7-A63D-C7946DFF2F44}.Debug|Any CPU.Build.0 = Debug|Any CPU
		{11EF14E3-93B2-4AD7-A63D-C7946DFF2F44}.Release|Any CPU.ActiveCfg = Release|Any CPU
		{11EF14E3-93B2-4AD7-A63D-C7946DFF2F44}.Release|Any CPU.Build.0 = Release|Any CPU
		{F8CE4C43-C332-4201-AD8D-EC03F476219D}.Debug|Any CPU.ActiveCfg = Debug|Any CPU
		{F8CE4C43-C332-4201-AD8D-EC03F476219D}.Debug|Any CPU.Build.0 = Debug|Any CPU
		{F8CE4C43-C332-4201-AD8D-EC03F476219D}.Release|Any CPU.ActiveCfg = Release|Any CPU
		{F8CE4C43-C332-4201-AD8D-EC03F476219D}.Release|Any CPU.Build.0 = Release|Any CPU
		{59CBCD6C-60CC-41B3-B84D-059BF29C77C9}.Debug|Any CPU.ActiveCfg = Debug|Any CPU
		{59CBCD6C-60CC-41B3-B84D-059BF29C77C9}.Debug|Any CPU.Build.0 = Debug|Any CPU
		{59CBCD6C-60CC-41B3-B84D-059BF29C77C9}.Release|Any CPU.ActiveCfg = Release|Any CPU
		{59CBCD6C-60CC-41B3-B84D-059BF29C77C9}.Release|Any CPU.Build.0 = Release|Any CPU
		{0B8A7A5C-3FB6-4235-98A8-8CC04011EB81}.Debug|Any CPU.ActiveCfg = Debug|Any CPU
		{0B8A7A5C-3FB6-4235-98A8-8CC04011EB81}.Debug|Any CPU.Build.0 = Debug|Any CPU
		{0B8A7A5C-3FB6-4235-98A8-8CC04011EB81}.Release|Any CPU.ActiveCfg = Release|Any CPU
		{0B8A7A5C-3FB6-4235-98A8-8CC04011EB81}.Release|Any CPU.Build.0 = Release|Any CPU
	EndGlobalSection
	GlobalSection(SolutionProperties) = preSolution
		HideSolutionNode = FALSE
	EndGlobalSection
	GlobalSection(NestedProjects) = preSolution
		{9EBC7CC3-8659-44CB-A8D0-D6D899CAFAA3} = {3AD22AE0-E0E6-41F9-8A20-517E42BF5184}
		{BA256227-2853-476D-AAC5-066D7BDC655A} = {3AD22AE0-E0E6-41F9-8A20-517E42BF5184}
		{54FD0BFE-FB13-437D-A946-78CB13635344} = {3AD22AE0-E0E6-41F9-8A20-517E42BF5184}
		{C4A57C1B-5717-47A4-927D-BBF5F69ED927} = {3AD22AE0-E0E6-41F9-8A20-517E42BF5184}
		{1B3B3489-C184-440E-9534-923010F33EDC} = {3AD22AE0-E0E6-41F9-8A20-517E42BF5184}
		{11EF14E3-93B2-4AD7-A63D-C7946DFF2F44} = {9EBC7CC3-8659-44CB-A8D0-D6D899CAFAA3}
		{F8CE4C43-C332-4201-AD8D-EC03F476219D} = {BA256227-2853-476D-AAC5-066D7BDC655A}
		{59CBCD6C-60CC-41B3-B84D-059BF29C77C9} = {54FD0BFE-FB13-437D-A946-78CB13635344}
		{0B8A7A5C-3FB6-4235-98A8-8CC04011EB81} = {C4A57C1B-5717-47A4-927D-BBF5F69ED927}
	EndGlobalSection
	GlobalSection(ExtensibilityGlobals) = postSolution
		SolutionGuid = {BFDA81F3-C875-44FA-8212-9889A7996CD7}
	EndGlobalSection
EndGlobal
